
Microsoft Visual Studio Solution File, Format Version 12.00
# Visual Studio 15
VisualStudioVersion = 15.0.28307.539
MinimumVisualStudioVersion = 10.0.40219.1
Project("{888888A0-9F3D-457C-B088-3A5042F75D52}") = "TCPServeri", "..\..\..\source\repos\TestProject\TCPKlienti\TCPServeri.pyproj", "{BD929A40-186E-4C6B-8063-2334F84B36FB}"
EndProject
Project("{888888A0-9F3D-457C-B088-3A5042F75D52}") = "TCPKlientii", "..\..\..\source\repos\TestProject\TCPKlientii\TCPKlientii.pyproj", "{78263955-D1A1-4F33-98F6-66EF70DCFC33}"
EndProject
Global
	GlobalSection(SolutionConfigurationPlatforms) = preSolution
		Debug|Any CPU = Debug|Any CPU
		Release|Any CPU = Release|Any CPU
	EndGlobalSection
	GlobalSection(ProjectConfigurationPlatforms) = postSolution
		{BD929A40-186E-4C6B-8063-2334F84B36FB}.Debug|Any CPU.ActiveCfg = Debug|Any CPU
		{BD929A40-186E-4C6B-8063-2334F84B36FB}.Release|Any CPU.ActiveCfg = Release|Any CPU
		{78263955-D1A1-4F33-98F6-66EF70DCFC33}.Debug|Any CPU.ActiveCfg = Debug|Any CPU
		{78263955-D1A1-4F33-98F6-66EF70DCFC33}.Release|Any CPU.ActiveCfg = Release|Any CPU
	EndGlobalSection
	GlobalSection(SolutionProperties) = preSolution
		HideSolutionNode = FALSE
	EndGlobalSection
	GlobalSection(ExtensibilityGlobals) = postSolution
		SolutionGuid = {A53E3E17-3700-4EED-B921-953CD3088D28}
	EndGlobalSection
EndGlobal
